// !$*UTF8*$!
{
	archiveVersion = 1;
	classes = {
	};
	objectVersion = 50;
	objects = {

/* Begin PBXBuildFile section */
		1738563E2186F24C0088A08E /* AppDelegate.swift in Sources */ = {isa = PBXBuildFile; fileRef = 1738563D2186F24C0088A08E /* AppDelegate.swift */; };
		173856422186F24C0088A08E /* HarrasmentLawsVC.swift in Sources */ = {isa = PBXBuildFile; fileRef = 173856412186F24C0088A08E /* HarrasmentLawsVC.swift */; };
		173856452186F24C0088A08E /* Main.storyboard in Resources */ = {isa = PBXBuildFile; fileRef = 173856432186F24C0088A08E /* Main.storyboard */; };
		173856472186F24E0088A08E /* Assets.xcassets in Resources */ = {isa = PBXBuildFile; fileRef = 173856462186F24E0088A08E /* Assets.xcassets */; };
		1738564A2186F24E0088A08E /* LaunchScreen.storyboard in Resources */ = {isa = PBXBuildFile; fileRef = 173856482186F24E0088A08E /* LaunchScreen.storyboard */; };
		173856592186F4970088A08E /* Constants.swift in Sources */ = {isa = PBXBuildFile; fileRef = 173856582186F4970088A08E /* Constants.swift */; };
		1738565B2186F6820088A08E /* TwitterFeed.swift in Sources */ = {isa = PBXBuildFile; fileRef = 1738565A2186F6820088A08E /* TwitterFeed.swift */; };
		1738565D2186F6C10088A08E /* TwitterFeedService.swift in Sources */ = {isa = PBXBuildFile; fileRef = 1738565C2186F6C10088A08E /* TwitterFeedService.swift */; };
		1738565F21870ABE0088A08E /* TwitterFeedCell.swift in Sources */ = {isa = PBXBuildFile; fileRef = 1738565E21870ABE0088A08E /* TwitterFeedCell.swift */; };
		1738566121870E150088A08E /* TwitterFeedVC.swift in Sources */ = {isa = PBXBuildFile; fileRef = 1738566021870E150088A08E /* TwitterFeedVC.swift */; };
		17385663218750CD0088A08E /* HarrasmentLaws.swift in Sources */ = {isa = PBXBuildFile; fileRef = 17385662218750CD0088A08E /* HarrasmentLaws.swift */; };
		173856652187536E0088A08E /* HarrasmentLawCell.swift in Sources */ = {isa = PBXBuildFile; fileRef = 173856642187536E0088A08E /* HarrasmentLawCell.swift */; };
		17385667218753FB0088A08E /* HarrasmentLawService.swift in Sources */ = {isa = PBXBuildFile; fileRef = 17385666218753FB0088A08E /* HarrasmentLawService.swift */; };
		754BC3195B9EF0A1A778DEB0 /* Pods_MeTOO_APP.framework in Frameworks */ = {isa = PBXBuildFile; fileRef = A88250DB9639F951FEDB970A /* Pods_MeTOO_APP.framework */; };
/* End PBXBuildFile section */

/* Begin PBXFileReference section */
		1738563A2186F24C0088A08E /* MeTOO APP.app */ = {isa = PBXFileReference; explicitFileType = wrapper.application; includeInIndex = 0; path = "MeTOO APP.app"; sourceTree = BUILT_PRODUCTS_DIR; };
		1738563D2186F24C0088A08E /* AppDelegate.swift */ = {isa = PBXFileReference; lastKnownFileType = sourcecode.swift; path = AppDelegate.swift; sourceTree = "<group>"; };
		173856412186F24C0088A08E /* HarrasmentLawsVC.swift */ = {isa = PBXFileReference; lastKnownFileType = sourcecode.swift; path = HarrasmentLawsVC.swift; sourceTree = "<group>"; };
		173856442186F24C0088A08E /* Base */ = {isa = PBXFileReference; lastKnownFileType = file.storyboard; name = Base; path = Base.lproj/Main.storyboard; sourceTree = "<group>"; };
		173856462186F24E0088A08E /* Assets.xcassets */ = {isa = PBXFileReference; lastKnownFileType = folder.assetcatalog; path = Assets.xcassets; sourceTree = "<group>"; };
		173856492186F24E0088A08E /* Base */ = {isa = PBXFileReference; lastKnownFileType = file.storyboard; name = Base; path = Base.lproj/LaunchScreen.storyboard; sourceTree = "<group>"; };
		1738564B2186F24E0088A08E /* Info.plist */ = {isa = PBXFileReference; lastKnownFileType = text.plist.xml; path = Info.plist; sourceTree = "<group>"; };
		173856582186F4970088A08E /* Constants.swift */ = {isa = PBXFileReference; lastKnownFileType = sourcecode.swift; path = Constants.swift; sourceTree = "<group>"; };
		1738565A2186F6820088A08E /* TwitterFeed.swift */ = {isa = PBXFileReference; lastKnownFileType = sourcecode.swift; path = TwitterFeed.swift; sourceTree = "<group>"; };
		1738565C2186F6C10088A08E /* TwitterFeedService.swift */ = {isa = PBXFileReference; lastKnownFileType = sourcecode.swift; path = TwitterFeedService.swift; sourceTree = "<group>"; };
		1738565E21870ABE0088A08E /* TwitterFeedCell.swift */ = {isa = PBXFileReference; lastKnownFileType = sourcecode.swift; path = TwitterFeedCell.swift; sourceTree = "<group>"; };
		1738566021870E150088A08E /* TwitterFeedVC.swift */ = {isa = PBXFileReference; fileEncoding = 4; lastKnownFileType = sourcecode.swift; path = TwitterFeedVC.swift; sourceTree = "<group>"; };
		17385662218750CD0088A08E /* HarrasmentLaws.swift */ = {isa = PBXFileReference; lastKnownFileType = sourcecode.swift; path = HarrasmentLaws.swift; sourceTree = "<group>"; };
		173856642187536E0088A08E /* HarrasmentLawCell.swift */ = {isa = PBXFileReference; lastKnownFileType = sourcecode.swift; path = HarrasmentLawCell.swift; sourceTree = "<group>"; };
		17385666218753FB0088A08E /* HarrasmentLawService.swift */ = {isa = PBXFileReference; lastKnownFileType = sourcecode.swift; path = HarrasmentLawService.swift; sourceTree = "<group>"; };
		5E8F5F248F909ADE90329024 /* Pods-MeTOO APP.debug.xcconfig */ = {isa = PBXFileReference; includeInIndex = 1; lastKnownFileType = text.xcconfig; name = "Pods-MeTOO APP.debug.xcconfig"; path = "Pods/Target Support Files/Pods-MeTOO APP/Pods-MeTOO APP.debug.xcconfig"; sourceTree = "<group>"; };
		A88250DB9639F951FEDB970A /* Pods_MeTOO_APP.framework */ = {isa = PBXFileReference; explicitFileType = wrapper.framework; includeInIndex = 0; path = Pods_MeTOO_APP.framework; sourceTree = BUILT_PRODUCTS_DIR; };
		C9C6D1168FB59B435A3D7EB2 /* Pods-MeTOO APP.release.xcconfig */ = {isa = PBXFileReference; includeInIndex = 1; lastKnownFileType = text.xcconfig; name = "Pods-MeTOO APP.release.xcconfig"; path = "Pods/Target Support Files/Pods-MeTOO APP/Pods-MeTOO APP.release.xcconfig"; sourceTree = "<group>"; };
/* End PBXFileReference section */

/* Begin PBXFrameworksBuildPhase section */
		173856372186F24C0088A08E /* Frameworks */ = {
			isa = PBXFrameworksBuildPhase;
			buildActionMask = 2147483647;
			files = (
				754BC3195B9EF0A1A778DEB0 /* Pods_MeTOO_APP.framework in Frameworks */,
			);
			runOnlyForDeploymentPostprocessing = 0;
		};
/* End PBXFrameworksBuildPhase section */

/* Begin PBXGroup section */
		173856312186F24C0088A08E = {
			isa = PBXGroup;
			children = (
				1738563C2186F24C0088A08E /* MeTOO APP */,
				1738563B2186F24C0088A08E /* Products */,
				1BADC90B14FE6335F0E787B6 /* Pods */,
				8F7E77D4AD734B983DFDE76F /* Frameworks */,
			);
			sourceTree = "<group>";
		};
		1738563B2186F24C0088A08E /* Products */ = {
			isa = PBXGroup;
			children = (
				1738563A2186F24C0088A08E /* MeTOO APP.app */,
			);
			name = Products;
			sourceTree = "<group>";
		};
		1738563C2186F24C0088A08E /* MeTOO APP */ = {
			isa = PBXGroup;
			children = (
				173856562186F4760088A08E /* Utils */,
				173856552186F3F10088A08E /* Services */,
				173856542186F3E80088A08E /* Supporting Files */,
				173856532186F3E20088A08E /* Model */,
				173856522186F3DC0088A08E /* View */,
				173856512186F3D40088A08E /* Controller */,
				1738564B2186F24E0088A08E /* Info.plist */,
			);
			path = "MeTOO APP";
			sourceTree = "<group>";
		};
		173856512186F3D40088A08E /* Controller */ = {
			isa = PBXGroup;
			children = (
				1738566021870E150088A08E /* TwitterFeedVC.swift */,
				173856412186F24C0088A08E /* HarrasmentLawsVC.swift */,
			);
			path = Controller;
			sourceTree = "<group>";
		};
		173856522186F3DC0088A08E /* View */ = {
			isa = PBXGroup;
			children = (
				173856432186F24C0088A08E /* Main.storyboard */,
				1738565E21870ABE0088A08E /* TwitterFeedCell.swift */,
				173856642187536E0088A08E /* HarrasmentLawCell.swift */,
			);
			path = View;
			sourceTree = "<group>";
		};
		173856532186F3E20088A08E /* Model */ = {
			isa = PBXGroup;
			children = (
				1738565A2186F6820088A08E /* TwitterFeed.swift */,
				17385662218750CD0088A08E /* HarrasmentLaws.swift */,
			);
			path = Model;
			sourceTree = "<group>";
		};
		173856542186F3E80088A08E /* Supporting Files */ = {
			isa = PBXGroup;
			children = (
				1738563D2186F24C0088A08E /* AppDelegate.swift */,
				173856462186F24E0088A08E /* Assets.xcassets */,
				173856482186F24E0088A08E /* LaunchScreen.storyboard */,
			);
			path = "Supporting Files";
			sourceTree = "<group>";
		};
		173856552186F3F10088A08E /* Services */ = {
			isa = PBXGroup;
			children = (
				1738565C2186F6C10088A08E /* TwitterFeedService.swift */,
				17385666218753FB0088A08E /* HarrasmentLawService.swift */,
			);
			path = Services;
			sourceTree = "<group>";
		};
		173856562186F4760088A08E /* Utils */ = {
			isa = PBXGroup;
			children = (
				173856582186F4970088A08E /* Constants.swift */,
			);
			path = Utils;
			sourceTree = "<group>";
		};
		1BADC90B14FE6335F0E787B6 /* Pods */ = {
			isa = PBXGroup;
			children = (
				5E8F5F248F909ADE90329024 /* Pods-MeTOO APP.debug.xcconfig */,
				C9C6D1168FB59B435A3D7EB2 /* Pods-MeTOO APP.release.xcconfig */,
			);
			name = Pods;
			sourceTree = "<group>";
		};
		8F7E77D4AD734B983DFDE76F /* Frameworks */ = {
			isa = PBXGroup;
			children = (
				A88250DB9639F951FEDB970A /* Pods_MeTOO_APP.framework */,
			);
			name = Frameworks;
			sourceTree = "<group>";
		};
/* End PBXGroup section */

/* Begin PBXNativeTarget section */
		173856392186F24C0088A08E /* MeTOO APP */ = {
			isa = PBXNativeTarget;
			buildConfigurationList = 1738564E2186F24E0088A08E /* Build configuration list for PBXNativeTarget "MeTOO APP" */;
			buildPhases = (
				3BB3CD0A87A5883A1EC30C5E /* [CP] Check Pods Manifest.lock */,
				173856362186F24C0088A08E /* Sources */,
				173856372186F24C0088A08E /* Frameworks */,
				173856382186F24C0088A08E /* Resources */,
				5373480001402821C84D14A0 /* [CP] Embed Pods Frameworks */,
			);
			buildRules = (
			);
			dependencies = (
			);
			name = "MeTOO APP";
			productName = "MeTOO APP";
			productReference = 1738563A2186F24C0088A08E /* MeTOO APP.app */;
			productType = "com.apple.product-type.application";
		};
/* End PBXNativeTarget section */

/* Begin PBXProject section */
		173856322186F24C0088A08E /* Project object */ = {
			isa = PBXProject;
			attributes = {
				LastSwiftUpdateCheck = 1000;
				LastUpgradeCheck = 1000;
				ORGANIZATIONNAME = "Ajinkya Sonar";
				TargetAttributes = {
					173856392186F24C0088A08E = {
						CreatedOnToolsVersion = 10.0;
					};
				};
			};
			buildConfigurationList = 173856352186F24C0088A08E /* Build configuration list for PBXProject "MeTOO APP" */;
			compatibilityVersion = "Xcode 9.3";
			developmentRegion = en;
			hasScannedForEncodings = 0;
			knownRegions = (
				en,
				Base,
			);
			mainGroup = 173856312186F24C0088A08E;
			productRefGroup = 1738563B2186F24C0088A08E /* Products */;
			projectDirPath = "";
			projectRoot = "";
			targets = (
				173856392186F24C0088A08E /* MeTOO APP */,
			);
		};
/* End PBXProject section */

/* Begin PBXResourcesBuildPhase section */
		173856382186F24C0088A08E /* Resources */ = {
			isa = PBXResourcesBuildPhase;
			buildActionMask = 2147483647;
			files = (
				1738564A2186F24E0088A08E /* LaunchScreen.storyboard in Resources */,
				173856472186F24E0088A08E /* Assets.xcassets in Resources */,
				173856452186F24C0088A08E /* Main.storyboard in Resources */,
			);
			runOnlyForDeploymentPostprocessing = 0;
		};
/* End PBXResourcesBuildPhase section */

/* Begin PBXShellScriptBuildPhase section */
		3BB3CD0A87A5883A1EC30C5E /* [CP] Check Pods Manifest.lock */ = {
			isa = PBXShellScriptBuildPhase;
			buildActionMask = 2147483647;
			files = (
			);
			inputPaths = (
				"${PODS_PODFILE_DIR_PATH}/Podfile.lock",
				"${PODS_ROOT}/Manifest.lock",
			);
			name = "[CP] Check Pods Manifest.lock";
			outputPaths = (
				"$(DERIVED_FILE_DIR)/Pods-MeTOO APP-checkManifestLockResult.txt",
			);
			runOnlyForDeploymentPostprocessing = 0;
			shellPath = /bin/sh;
			shellScript = "diff \"${PODS_PODFILE_DIR_PATH}/Podfile.lock\" \"${PODS_ROOT}/Manifest.lock\" > /dev/null\nif [ $? != 0 ] ; then\n    # print error to STDERR\n    echo \"error: The sandbox is not in sync with the Podfile.lock. Run 'pod install' or update your CocoaPods installation.\" >&2\n    exit 1\nfi\n# This output is used by Xcode 'outputs' to avoid re-running this script phase.\necho \"SUCCESS\" > \"${SCRIPT_OUTPUT_FILE_0}\"\n";
			showEnvVarsInLog = 0;
		};
		5373480001402821C84D14A0 /* [CP] Embed Pods Frameworks */ = {
			isa = PBXShellScriptBuildPhase;
			buildActionMask = 2147483647;
			files = (
			);
			inputPaths = (
				"${SRCROOT}/Pods/Target Support Files/Pods-MeTOO APP/Pods-MeTOO APP-frameworks.sh",
				"${BUILT_PRODUCTS_DIR}/Kingfisher/Kingfisher.framework",
			);
			name = "[CP] Embed Pods Frameworks";
			outputPaths = (
				"${TARGET_BUILD_DIR}/${FRAMEWORKS_FOLDER_PATH}/Kingfisher.framework",
			);
			runOnlyForDeploymentPostprocessing = 0;
			shellPath = /bin/sh;
			shellScript = "\"${SRCROOT}/Pods/Target Support Files/Pods-MeTOO APP/Pods-MeTOO APP-frameworks.sh\"\n";
			showEnvVarsInLog = 0;
		};
/* End PBXShellScriptBuildPhase section */

/* Begin PBXSourcesBuildPhase section */
		173856362186F24C0088A08E /* Sources */ = {
			isa = PBXSourcesBuildPhase;
			buildActionMask = 2147483647;
			files = (
				173856422186F24C0088A08E /* HarrasmentLawsVC.swift in Sources */,
				1738563E2186F24C0088A08E /* AppDelegate.swift in Sources */,
				1738565F21870ABE0088A08E /* TwitterFeedCell.swift in Sources */,
				17385667218753FB0088A08E /* HarrasmentLawService.swift in Sources */,
				17385663218750CD0088A08E /* HarrasmentLaws.swift in Sources */,
				1738566121870E150088A08E /* TwitterFeedVC.swift in Sources */,
				1738565D2186F6C10088A08E /* TwitterFeedService.swift in Sources */,
				173856652187536E0088A08E /* HarrasmentLawCell.swift in Sources */,
				173856592186F4970088A08E /* Constants.swift in Sources */,
				1738565B2186F6820088A08E /* TwitterFeed.swift in Sources */,
			);
			runOnlyForDeploymentPostprocessing = 0;
		};
/* End PBXSourcesBuildPhase section */

/* Begin PBXVariantGroup section */
		173856432186F24C0088A08E /* Main.storyboard */ = {
			isa = PBXVariantGroup;
			children = (
				173856442186F24C0088A08E /* Base */,
			);
			name = Main.storyboard;
			sourceTree = "<group>";
		};
		173856482186F24E0088A08E /* LaunchScreen.storyboard */ = {
			isa = PBXVariantGroup;
			children = (
				173856492186F24E0088A08E /* Base */,
			);
			name = LaunchScreen.storyboard;
			sourceTree = "<group>";
		};
/* End PBXVariantGroup section */

/* Begin XCBuildConfiguration section */
		1738564C2186F24E0088A08E /* Debug */ = {
			isa = XCBuildConfiguration;
			buildSettings = {
				ALWAYS_SEARCH_USER_PATHS = NO;
				CLANG_ANALYZER_NONNULL = YES;
				CLANG_ANALYZER_NUMBER_OBJECT_CONVERSION = YES_AGGRESSIVE;
				CLANG_CXX_LANGUAGE_STANDARD = "gnu++14";
				CLANG_CXX_LIBRARY = "libc++";
				CLANG_ENABLE_MODULES = YES;
				CLANG_ENABLE_OBJC_ARC = YES;
				CLANG_ENABLE_OBJC_WEAK = YES;
				CLANG_WARN_BLOCK_CAPTURE_AUTORELEASING = YES;
				CLANG_WARN_BOOL_CONVERSION = YES;
				CLANG_WARN_COMMA = YES;
				CLANG_WARN_CONSTANT_CONVERSION = YES;
				CLANG_WARN_DEPRECATED_OBJC_IMPLEMENTATIONS = YES;
				CLANG_WARN_DIRECT_OBJC_ISA_USAGE = YES_ERROR;
				CLANG_WARN_DOCUMENTATION_COMMENTS = YES;
				CLANG_WARN_EMPTY_BODY = YES;
				CLANG_WARN_ENUM_CONVERSION = YES;
				CLANG_WARN_INFINITE_RECURSION = YES;
				CLANG_WARN_INT_CONVERSION = YES;
				CLANG_WARN_NON_LITERAL_NULL_CONVERSION = YES;
				CLANG_WARN_OBJC_IMPLICIT_RETAIN_SELF = YES;
				CLANG_WARN_OBJC_LITERAL_CONVERSION = YES;
				CLANG_WARN_OBJC_ROOT_CLASS = YES_ERROR;
				CLANG_WARN_RANGE_LOOP_ANALYSIS = YES;
				CLANG_WARN_STRICT_PROTOTYPES = YES;
				CLANG_WARN_SUSPICIOUS_MOVE = YES;
				CLANG_WARN_UNGUARDED_AVAILABILITY = YES_AGGRESSIVE;
				CLANG_WARN_UNREACHABLE_CODE = YES;
				CLANG_WARN__DUPLICATE_METHOD_MATCH = YES;
				CODE_SIGN_IDENTITY = "iPhone Developer";
				COPY_PHASE_STRIP = NO;
				DEBUG_INFORMATION_FORMAT = dwarf;
				ENABLE_STRICT_OBJC_MSGSEND = YES;
				ENABLE_TESTABILITY = YES;
				GCC_C_LANGUAGE_STANDARD = gnu11;
				GCC_DYNAMIC_NO_PIC = NO;
				GCC_NO_COMMON_BLOCKS = YES;
				GCC_OPTIMIZATION_LEVEL = 0;
				GCC_PREPROCESSOR_DEFINITIONS = (
					"DEBUG=1",
					"$(inherited)",
				);
				GCC_WARN_64_TO_32_BIT_CONVERSION = YES;
				GCC_WARN_ABOUT_RETURN_TYPE = YES_ERROR;
				GCC_WARN_UNDECLARED_SELECTOR = YES;
				GCC_WARN_UNINITIALIZED_AUTOS = YES_AGGRESSIVE;
				GCC_WARN_UNUSED_FUNCTION = YES;
				GCC_WARN_UNUSED_VARIABLE = YES;
				IPHONEOS_DEPLOYMENT_TARGET = 12.0;
				MTL_ENABLE_DEBUG_INFO = INCLUDE_SOURCE;
				MTL_FAST_MATH = YES;
				ONLY_ACTIVE_ARCH = YES;
				SDKROOT = iphoneos;
				SWIFT_ACTIVE_COMPILATION_CONDITIONS = DEBUG;
				SWIFT_OPTIMIZATION_LEVEL = "-Onone";
			};
			name = Debug;
		};
		1738564D2186F24E0088A08E /* Release */ = {
			isa = XCBuildConfiguration;
			buildSettings = {
				ALWAYS_SEARCH_USER_PATHS = NO;
				CLANG_ANALYZER_NONNULL = YES;
				CLANG_ANALYZER_NUMBER_OBJECT_CONVERSION = YES_AGGRESSIVE;
				CLANG_CXX_LANGUAGE_STANDARD = "gnu++14";
				CLANG_CXX_LIBRARY = "libc++";
				CLANG_ENABLE_MODULES = YES;
				CLANG_ENABLE_OBJC_ARC = YES;
				CLANG_ENABLE_OBJC_WEAK = YES;
				CLANG_WARN_BLOCK_CAPTURE_AUTORELEASING = YES;
				CLANG_WARN_BOOL_CONVERSION = YES;
				CLANG_WARN_COMMA = YES;
				CLANG_WARN_CONSTANT_CONVERSION = YES;
				CLANG_WARN_DEPRECATED_OBJC_IMPLEMENTATIONS = YES;
				CLANG_WARN_DIRECT_OBJC_ISA_USAGE = YES_ERROR;
				CLANG_WARN_DOCUMENTATION_COMMENTS = YES;
				CLANG_WARN_EMPTY_BODY = YES;
				CLANG_WARN_ENUM_CONVERSION = YES;
				CLANG_WARN_INFINITE_RECURSION = YES;
				CLANG_WARN_INT_CONVERSION = YES;
				CLANG_WARN_NON_LITERAL_NULL_CONVERSION = YES;
				CLANG_WARN_OBJC_IMPLICIT_RETAIN_SELF = YES;
				CLANG_WARN_OBJC_LITERAL_CONVERSION = YES;
				CLANG_WARN_OBJC_ROOT_CLASS = YES_ERROR;
				CLANG_WARN_RANGE_LOOP_ANALYSIS = YES;
				CLANG_WARN_STRICT_PROTOTYPES = YES;
				CLANG_WARN_SUSPICIOUS_MOVE = YES;
				CLANG_WARN_UNGUARDED_AVAILABILITY = YES_AGGRESSIVE;
				CLANG_WARN_UNREACHABLE_CODE = YES;
				CLANG_WARN__DUPLICATE_METHOD_MATCH = YES;
				CODE_SIGN_IDENTITY = "iPhone Developer";
				COPY_PHASE_STRIP = NO;
				DEBUG_INFORMATION_FORMAT = "dwarf-with-dsym";
				ENABLE_NS_ASSERTIONS = NO;
				ENABLE_STRICT_OBJC_MSGSEND = YES;
				GCC_C_LANGUAGE_STANDARD = gnu11;
				GCC_NO_COMMON_BLOCKS = YES;
				GCC_WARN_64_TO_32_BIT_CONVERSION = YES;
				GCC_WARN_ABOUT_RETURN_TYPE = YES_ERROR;
				GCC_WARN_UNDECLARED_SELECTOR = YES;
				GCC_WARN_UNINITIALIZED_AUTOS = YES_AGGRESSIVE;
				GCC_WARN_UNUSED_FUNCTION = YES;
				GCC_WARN_UNUSED_VARIABLE = YES;
				IPHONEOS_DEPLOYMENT_TARGET = 12.0;
				MTL_ENABLE_DEBUG_INFO = NO;
				MTL_FAST_MATH = YES;
				SDKROOT = iphoneos;
				SWIFT_COMPILATION_MODE = wholemodule;
				SWIFT_OPTIMIZATION_LEVEL = "-O";
				VALIDATE_PRODUCT = YES;
			};
			name = Release;
		};
		1738564F2186F24E0088A08E /* Debug */ = {
			isa = XCBuildConfiguration;
			baseConfigurationReference = 5E8F5F248F909ADE90329024 /* Pods-MeTOO APP.debug.xcconfig */;
			buildSettings = {
				ASSETCATALOG_COMPILER_APPICON_NAME = AppIcon;
				CODE_SIGN_STYLE = Automatic;
				DEVELOPMENT_TEAM = YCPFBKZL7W;
				INFOPLIST_FILE = "MeTOO APP/Info.plist";
				LD_RUNPATH_SEARCH_PATHS = "$(inherited) @executable_path/Frameworks";
				PRODUCT_BUNDLE_IDENTIFIER = "com.ajinkyasonar.MeTOO-APP";
				PRODUCT_NAME = "$(TARGET_NAME)";
				SWIFT_VERSION = 4.2;
				TARGETED_DEVICE_FAMILY = "1,2";
			};
			name = Debug;
		};
		173856502186F24E0088A08E /* Release */ = {
			isa = XCBuildConfiguration;
			baseConfigurationReference = C9C6D1168FB59B435A3D7EB2 /* Pods-MeTOO APP.release.xcconfig */;
			buildSettings = {
				ASSETCATALOG_COMPILER_APPICON_NAME = AppIcon;
				CODE_SIGN_STYLE = Automatic;
				DEVELOPMENT_TEAM = YCPFBKZL7W;
				INFOPLIST_FILE = "MeTOO APP/Info.plist";
				LD_RUNPATH_SEARCH_PATHS = "$(inherited) @executable_path/Frameworks";
				PRODUCT_BUNDLE_IDENTIFIER = "com.ajinkyasonar.MeTOO-APP";
				PRODUCT_NAME = "$(TARGET_NAME)";
				SWIFT_VERSION = 4.2;
				TARGETED_DEVICE_FAMILY = "1,2";
			};
			name = Release;
		};
/* End XCBuildConfiguration section */

/* Begin XCConfigurationList section */
		173856352186F24C0088A08E /* Build configuration list for PBXProject "MeTOO APP" */ = {
			isa = XCConfigurationList;
			buildConfigurations = (
				1738564C2186F24E0088A08E /* Debug */,
				1738564D2186F24E0088A08E /* Release */,
			);
			defaultConfigurationIsVisible = 0;
			defaultConfigurationName = Release;
		};
		1738564E2186F24E0088A08E /* Build configuration list for PBXNativeTarget "MeTOO APP" */ = {
			isa = XCConfigurationList;
			buildConfigurations = (
				1738564F2186F24E0088A08E /* Debug */,
				173856502186F24E0088A08E /* Release */,
			);
			defaultConfigurationIsVisible = 0;
			defaultConfigurationName = Release;
		};
/* End XCConfigurationList section */
	};
	rootObject = 173856322186F24C0088A08E /* Project object */;
}
